
Microsoft Visual Studio Solution File, Format Version 12.00
# Visual Studio Version 17
VisualStudioVersion = 17.1.32210.238
MinimumVisualStudioVersion = 10.0.40219.1
Project("{9A19103F-16F7-4668-BE54-9A1E7A4F7556}") = "seasons switch", "seasons\seasons switch.csproj", "{379F17CF-CA47-41F3-B6FA-FA5404DD42A7}"
EndProject
Project("{9A19103F-16F7-4668-BE54-9A1E7A4F7556}") = "seasons ifelse", "seasons ifelse\seasons ifelse.csproj", "{DB7DA040-2F9D-415E-AFA9-96C2FDA55198}"
EndProject
Project("{FAE04EC0-301F-11D3-BF4B-00C04F79EFBC}") = "seasons array+for loop", "seasons array+for loop\seasons array+for loop.csproj", "{7A7FBCF7-3884-4FDD-8AEB-C6681B266162}"
EndProject
Global
	GlobalSection(SolutionConfigurationPlatforms) = preSolution
		Debug|Any CPU = Debug|Any CPU
		Release|Any CPU = Release|Any CPU
	EndGlobalSection
	GlobalSection(ProjectConfigurationPlatforms) = postSolution
		{379F17CF-CA47-41F3-B6FA-FA5404DD42A7}.Debug|Any CPU.ActiveCfg = Debug|Any CPU
		{379F17CF-CA47-41F3-B6FA-FA5404DD42A7}.Debug|Any CPU.Build.0 = Debug|Any CPU
		{379F17CF-CA47-41F3-B6FA-FA5404DD42A7}.Release|Any CPU.ActiveCfg = Release|Any CPU
		{379F17CF-CA47-41F3-B6FA-FA5404DD42A7}.Release|Any CPU.Build.0 = Release|Any CPU
		{DB7DA040-2F9D-415E-AFA9-96C2FDA55198}.Debug|Any CPU.ActiveCfg = Debug|Any CPU
		{DB7DA040-2F9D-415E-AFA9-96C2FDA55198}.Debug|Any CPU.Build.0 = Debug|Any CPU
		{DB7DA040-2F9D-415E-AFA9-96C2FDA55198}.Release|Any CPU.ActiveCfg = Release|Any CPU
		{DB7DA040-2F9D-415E-AFA9-96C2FDA55198}.Release|Any CPU.Build.0 = Release|Any CPU
		{7A7FBCF7-3884-4FDD-8AEB-C6681B266162}.Debug|Any CPU.ActiveCfg = Debug|Any CPU
		{7A7FBCF7-3884-4FDD-8AEB-C6681B266162}.Debug|Any CPU.Build.0 = Debug|Any CPU
		{7A7FBCF7-3884-4FDD-8AEB-C6681B266162}.Release|Any CPU.ActiveCfg = Release|Any CPU
		{7A7FBCF7-3884-4FDD-8AEB-C6681B266162}.Release|Any CPU.Build.0 = Release|Any CPU
	EndGlobalSection
	GlobalSection(SolutionProperties) = preSolution
		HideSolutionNode = FALSE
	EndGlobalSection
	GlobalSection(ExtensibilityGlobals) = postSolution
		SolutionGuid = {6A6683F7-EF07-41F3-85F4-6C6CB5F4C67F}
	EndGlobalSection
EndGlobal
